
Microsoft Visual Studio Solution File, Format Version 12.00
# Visual Studio Version 17
VisualStudioVersion = 17.4.33213.308
MinimumVisualStudioVersion = 10.0.40219.1
Project("{FAE04EC0-301F-11D3-BF4B-00C04F79EFBC}") = "OOPTask 8 homework bookstore application", "OOPTask 8 homework bookstore application.csproj", "{0B398F03-B3CA-4F0A-9AAF-FB093C8C0F36}"
EndProject
Global
	GlobalSection(SolutionConfigurationPlatforms) = preSolution
		Debug|Any CPU = Debug|Any CPU
		Release|Any CPU = Release|Any CPU
	EndGlobalSection
	GlobalSection(ProjectConfigurationPlatforms) = postSolution
		{0B398F03-B3CA-4F0A-9AAF-FB093C8C0F36}.Debug|Any CPU.ActiveCfg = Debug|Any CPU
		{0B398F03-B3CA-4F0A-9AAF-FB093C8C0F36}.Debug|Any CPU.Build.0 = Debug|Any CPU
		{0B398F03-B3CA-4F0A-9AAF-FB093C8C0F36}.Release|Any CPU.ActiveCfg = Release|Any CPU
		{0B398F03-B3CA-4F0A-9AAF-FB093C8C0F36}.Release|Any CPU.Build.0 = Release|Any CPU
	EndGlobalSection
	GlobalSection(SolutionProperties) = preSolution
		HideSolutionNode = FALSE
	EndGlobalSection
	GlobalSection(ExtensibilityGlobals) = postSolution
		SolutionGuid = {553C5F62-EA21-4D68-8355-7E83602748FB}
	EndGlobalSection
EndGlobal
